{
  "name": "multidimensional-functions",
  "version": "1.2.0",
  "lockfileVersion": 2,
  "requires": true,
  "packages": {
    "": {
      "version": "1.2.0",
      "license": "CC0-1.0",
      "devDependencies": {
        "flug": "^2.0.0"
      }
    },
    "node_modules/flug": {
      "version": "2.0.0",
      "resolved": "https://registry.npmjs.org/flug/-/flug-2.0.0.tgz",
      "integrity": "sha512-Kk1xNB/aVLmPxoZv7gPFozJyeeqAeb+ZNvtlULEOgjpE5s9iXunkXZO60qU0vxq5H52XH/eQZvHiyqIJO4O3Dw==",
      "dev": true
    }
  },
  "dependencies": {
    "flug": {
      "version": "2.0.0",
      "resolved": "https://registry.npmjs.org/flug/-/flug-2.0.0.tgz",
      "integrity": "sha512-Kk1xNB/aVLmPxoZv7gPFozJyeeqAeb+ZNvtlULEOgjpE5s9iXunkXZO60qU0vxq5H52XH/eQZvHiyqIJO4O3Dw==",
      "dev": true
    }
  }
}
