{
  "name": "multidimensional-functions",
  "version": "0.0.0",
  "lockfileVersion": 2,
  "requires": true,
  "packages": {
    "": {
      "version": "0.0.0",
      "license": "CC0-1.0",
      "dependencies": {
        "advarr": "^0.4.0"
      },
      "devDependencies": {
        "flug": "^2.0.0"
      }
    },
    "node_modules/advarr": {
      "version": "0.4.0",
      "resolved": "https://registry.npmjs.org/advarr/-/advarr-0.4.0.tgz",
      "integrity": "sha512-XoXoOugwb750CUYywMVIEzInW/5ii+CgQCunK4lS2M73Tt1WdTR7nmGXqlx8QwBgGr/IxsIlQtbnM1mq4G8w8A=="
    },
    "node_modules/flug": {
      "version": "2.0.0",
      "resolved": "https://registry.npmjs.org/flug/-/flug-2.0.0.tgz",
      "integrity": "sha512-Kk1xNB/aVLmPxoZv7gPFozJyeeqAeb+ZNvtlULEOgjpE5s9iXunkXZO60qU0vxq5H52XH/eQZvHiyqIJO4O3Dw==",
      "dev": true
    }
  },
  "dependencies": {
    "advarr": {
      "version": "0.4.0",
      "resolved": "https://registry.npmjs.org/advarr/-/advarr-0.4.0.tgz",
      "integrity": "sha512-XoXoOugwb750CUYywMVIEzInW/5ii+CgQCunK4lS2M73Tt1WdTR7nmGXqlx8QwBgGr/IxsIlQtbnM1mq4G8w8A=="
    },
    "flug": {
      "version": "2.0.0",
      "resolved": "https://registry.npmjs.org/flug/-/flug-2.0.0.tgz",
      "integrity": "sha512-Kk1xNB/aVLmPxoZv7gPFozJyeeqAeb+ZNvtlULEOgjpE5s9iXunkXZO60qU0vxq5H52XH/eQZvHiyqIJO4O3Dw==",
      "dev": true
    }
  }
}
